
Microsoft Visual Studio Solution File, Format Version 12.00
# Visual Studio Version 17
VisualStudioVersion = 17.13.35931.197
MinimumVisualStudioVersion = 10.0.40219.1
Project("{FAE04EC0-301F-11D3-BF4B-00C04F79EFBC}") = "Singleton", "Singleton\Singleton.csproj", "{10661EEB-A737-4914-A9DD-3967C1060DAC}"
EndProject
Project("{FAE04EC0-301F-11D3-BF4B-00C04F79EFBC}") = "Adapter", "Adapter\Adapter.csproj", "{3951965E-4047-412A-8A2D-860AF643FD78}"
EndProject
Project("{FAE04EC0-301F-11D3-BF4B-00C04F79EFBC}") = "Observer", "Observer\Observer.csproj", "{EB3408CA-6B4D-491B-A994-0F83BEB32693}"
EndProject
Project("{FAE04EC0-301F-11D3-BF4B-00C04F79EFBC}") = "Composite", "Composite\Composite.csproj", "{F8B37508-0581-4774-9791-2C45AC15054F}"
EndProject
Project("{FAE04EC0-301F-11D3-BF4B-00C04F79EFBC}") = "ObserverBattaglia", "ObserverBattaglia\ObserverBattaglia.csproj", "{BA307FDD-A4B0-4AC6-A894-B7C739AF98A1}"
EndProject
Project("{FAE04EC0-301F-11D3-BF4B-00C04F79EFBC}") = "Repository", "Repository\Repository.csproj", "{785A7C5A-8368-4D0A-984D-9DFB31B09698}"
EndProject
Project("{FAE04EC0-301F-11D3-BF4B-00C04F79EFBC}") = "FactoryMethod", "FactoryMethod\FactoryMethod.csproj", "{F22E8C2D-1732-4D7F-9C6A-699476C64DEF}"
EndProject
Project("{FAE04EC0-301F-11D3-BF4B-00C04F79EFBC}") = "SimpleFactory", "SimpleFactory\SimpleFactory.csproj", "{03FB05D6-1E05-4DF4-BDFD-1B43465BEEAB}"
EndProject
Project("{FAE04EC0-301F-11D3-BF4B-00C04F79EFBC}") = "Memento", "Memento\Memento.csproj", "{09FD284F-8E97-487C-8B2C-40D9289C9F10}"
EndProject
Project("{FAE04EC0-301F-11D3-BF4B-00C04F79EFBC}") = "Facade", "Facade\Facade.csproj", "{45C76632-2AA4-438E-89EA-22E599DE9204}"
EndProject
Project("{FAE04EC0-301F-11D3-BF4B-00C04F79EFBC}") = "Practica", "Practica\Practica.csproj", "{5F780741-AE89-4AEB-A363-0D8169C3795A}"
EndProject
Project("{FAE04EC0-301F-11D3-BF4B-00C04F79EFBC}") = "Decorator", "Decorator\Decorator.csproj", "{DFB56386-DEC9-4BEB-8313-8CC65CB81B6B}"
EndProject
Project("{FAE04EC0-301F-11D3-BF4B-00C04F79EFBC}") = "ChainOfResponsability", "ChainOfResponsability\ChainOfResponsability.csproj", "{14B8DC19-7716-48D0-B282-D11C7DF00862}"
EndProject
Project("{FAE04EC0-301F-11D3-BF4B-00C04F79EFBC}") = "Template", "Template\Template.csproj", "{AD87AF1C-6E3E-40AA-8A46-55202A39B57B}"
EndProject
Project("{FAE04EC0-301F-11D3-BF4B-00C04F79EFBC}") = "CompositeEjemplo2", "CompositeEjemplo2\CompositeEjemplo2.csproj", "{8D2DDFA4-C0A1-45E2-96FD-F160C609A7FC}"
EndProject
Project("{FAE04EC0-301F-11D3-BF4B-00C04F79EFBC}") = "Logger", "Logger\Logger.csproj", "{EC833531-2C77-4B27-B29B-44A27EFD25DD}"
EndProject
Project("{FAE04EC0-301F-11D3-BF4B-00C04F79EFBC}") = "Prototype", "Prototype\Prototype.csproj", "{2D85520A-7872-4EB4-889A-FC388FA7FED5}"
EndProject
Project("{FAE04EC0-301F-11D3-BF4B-00C04F79EFBC}") = "Builder", "Builder\Builder.csproj", "{8CE083C6-13B6-4936-AE86-5F7179CF533A}"
EndProject
Project("{FAE04EC0-301F-11D3-BF4B-00C04F79EFBC}") = "Proxy", "Proxy\Proxy.csproj", "{8E9338EC-9828-4728-AB87-153441D4537D}"
EndProject
Project("{FAE04EC0-301F-11D3-BF4B-00C04F79EFBC}") = "Bridge", "Bridge\Bridge.csproj", "{3F2F23FE-8590-4F27-A2D4-2ECD5A333727}"
EndProject
Project("{FAE04EC0-301F-11D3-BF4B-00C04F79EFBC}") = "Command", "Command\Command.csproj", "{5A1245E3-5A2A-40E0-860D-4D1774B1C948}"
EndProject
Project("{FAE04EC0-301F-11D3-BF4B-00C04F79EFBC}") = "State", "State\State.csproj", "{6BE8433F-C5D4-44C0-A277-57754827E0A3}"
EndProject
Project("{FAE04EC0-301F-11D3-BF4B-00C04F79EFBC}") = "Visitor", "Visitor\Visitor.csproj", "{DBE3979D-34EE-48EF-AE66-D7DDAB477ABE}"
EndProject
Global
	GlobalSection(SolutionConfigurationPlatforms) = preSolution
		Debug|Any CPU = Debug|Any CPU
		Release|Any CPU = Release|Any CPU
	EndGlobalSection
	GlobalSection(ProjectConfigurationPlatforms) = postSolution
		{10661EEB-A737-4914-A9DD-3967C1060DAC}.Debug|Any CPU.ActiveCfg = Debug|Any CPU
		{10661EEB-A737-4914-A9DD-3967C1060DAC}.Debug|Any CPU.Build.0 = Debug|Any CPU
		{10661EEB-A737-4914-A9DD-3967C1060DAC}.Release|Any CPU.ActiveCfg = Release|Any CPU
		{10661EEB-A737-4914-A9DD-3967C1060DAC}.Release|Any CPU.Build.0 = Release|Any CPU
		{3951965E-4047-412A-8A2D-860AF643FD78}.Debug|Any CPU.ActiveCfg = Debug|Any CPU
		{3951965E-4047-412A-8A2D-860AF643FD78}.Debug|Any CPU.Build.0 = Debug|Any CPU
		{3951965E-4047-412A-8A2D-860AF643FD78}.Release|Any CPU.ActiveCfg = Release|Any CPU
		{3951965E-4047-412A-8A2D-860AF643FD78}.Release|Any CPU.Build.0 = Release|Any CPU
		{EB3408CA-6B4D-491B-A994-0F83BEB32693}.Debug|Any CPU.ActiveCfg = Debug|Any CPU
		{EB3408CA-6B4D-491B-A994-0F83BEB32693}.Debug|Any CPU.Build.0 = Debug|Any CPU
		{EB3408CA-6B4D-491B-A994-0F83BEB32693}.Release|Any CPU.ActiveCfg = Release|Any CPU
		{EB3408CA-6B4D-491B-A994-0F83BEB32693}.Release|Any CPU.Build.0 = Release|Any CPU
		{F8B37508-0581-4774-9791-2C45AC15054F}.Debug|Any CPU.ActiveCfg = Debug|Any CPU
		{F8B37508-0581-4774-9791-2C45AC15054F}.Debug|Any CPU.Build.0 = Debug|Any CPU
		{F8B37508-0581-4774-9791-2C45AC15054F}.Release|Any CPU.ActiveCfg = Release|Any CPU
		{F8B37508-0581-4774-9791-2C45AC15054F}.Release|Any CPU.Build.0 = Release|Any CPU
		{BA307FDD-A4B0-4AC6-A894-B7C739AF98A1}.Debug|Any CPU.ActiveCfg = Debug|Any CPU
		{BA307FDD-A4B0-4AC6-A894-B7C739AF98A1}.Debug|Any CPU.Build.0 = Debug|Any CPU
		{BA307FDD-A4B0-4AC6-A894-B7C739AF98A1}.Release|Any CPU.ActiveCfg = Release|Any CPU
		{BA307FDD-A4B0-4AC6-A894-B7C739AF98A1}.Release|Any CPU.Build.0 = Release|Any CPU
		{785A7C5A-8368-4D0A-984D-9DFB31B09698}.Debug|Any CPU.ActiveCfg = Debug|Any CPU
		{785A7C5A-8368-4D0A-984D-9DFB31B09698}.Debug|Any CPU.Build.0 = Debug|Any CPU
		{785A7C5A-8368-4D0A-984D-9DFB31B09698}.Release|Any CPU.ActiveCfg = Release|Any CPU
		{785A7C5A-8368-4D0A-984D-9DFB31B09698}.Release|Any CPU.Build.0 = Release|Any CPU
		{F22E8C2D-1732-4D7F-9C6A-699476C64DEF}.Debug|Any CPU.ActiveCfg = Debug|Any CPU
		{F22E8C2D-1732-4D7F-9C6A-699476C64DEF}.Debug|Any CPU.Build.0 = Debug|Any CPU
		{F22E8C2D-1732-4D7F-9C6A-699476C64DEF}.Release|Any CPU.ActiveCfg = Release|Any CPU
		{F22E8C2D-1732-4D7F-9C6A-699476C64DEF}.Release|Any CPU.Build.0 = Release|Any CPU
		{03FB05D6-1E05-4DF4-BDFD-1B43465BEEAB}.Debug|Any CPU.ActiveCfg = Debug|Any CPU
		{03FB05D6-1E05-4DF4-BDFD-1B43465BEEAB}.Debug|Any CPU.Build.0 = Debug|Any CPU
		{03FB05D6-1E05-4DF4-BDFD-1B43465BEEAB}.Release|Any CPU.ActiveCfg = Release|Any CPU
		{03FB05D6-1E05-4DF4-BDFD-1B43465BEEAB}.Release|Any CPU.Build.0 = Release|Any CPU
		{09FD284F-8E97-487C-8B2C-40D9289C9F10}.Debug|Any CPU.ActiveCfg = Debug|Any CPU
		{09FD284F-8E97-487C-8B2C-40D9289C9F10}.Debug|Any CPU.Build.0 = Debug|Any CPU
		{09FD284F-8E97-487C-8B2C-40D9289C9F10}.Release|Any CPU.ActiveCfg = Release|Any CPU
		{09FD284F-8E97-487C-8B2C-40D9289C9F10}.Release|Any CPU.Build.0 = Release|Any CPU
		{45C76632-2AA4-438E-89EA-22E599DE9204}.Debug|Any CPU.ActiveCfg = Debug|Any CPU
		{45C76632-2AA4-438E-89EA-22E599DE9204}.Debug|Any CPU.Build.0 = Debug|Any CPU
		{45C76632-2AA4-438E-89EA-22E599DE9204}.Release|Any CPU.ActiveCfg = Release|Any CPU
		{45C76632-2AA4-438E-89EA-22E599DE9204}.Release|Any CPU.Build.0 = Release|Any CPU
		{5F780741-AE89-4AEB-A363-0D8169C3795A}.Debug|Any CPU.ActiveCfg = Debug|Any CPU
		{5F780741-AE89-4AEB-A363-0D8169C3795A}.Debug|Any CPU.Build.0 = Debug|Any CPU
		{5F780741-AE89-4AEB-A363-0D8169C3795A}.Release|Any CPU.ActiveCfg = Release|Any CPU
		{5F780741-AE89-4AEB-A363-0D8169C3795A}.Release|Any CPU.Build.0 = Release|Any CPU
		{DFB56386-DEC9-4BEB-8313-8CC65CB81B6B}.Debug|Any CPU.ActiveCfg = Debug|Any CPU
		{DFB56386-DEC9-4BEB-8313-8CC65CB81B6B}.Debug|Any CPU.Build.0 = Debug|Any CPU
		{DFB56386-DEC9-4BEB-8313-8CC65CB81B6B}.Release|Any CPU.ActiveCfg = Release|Any CPU
		{DFB56386-DEC9-4BEB-8313-8CC65CB81B6B}.Release|Any CPU.Build.0 = Release|Any CPU
		{14B8DC19-7716-48D0-B282-D11C7DF00862}.Debug|Any CPU.ActiveCfg = Debug|Any CPU
		{14B8DC19-7716-48D0-B282-D11C7DF00862}.Debug|Any CPU.Build.0 = Debug|Any CPU
		{14B8DC19-7716-48D0-B282-D11C7DF00862}.Release|Any CPU.ActiveCfg = Release|Any CPU
		{14B8DC19-7716-48D0-B282-D11C7DF00862}.Release|Any CPU.Build.0 = Release|Any CPU
		{AD87AF1C-6E3E-40AA-8A46-55202A39B57B}.Debug|Any CPU.ActiveCfg = Debug|Any CPU
		{AD87AF1C-6E3E-40AA-8A46-55202A39B57B}.Debug|Any CPU.Build.0 = Debug|Any CPU
		{AD87AF1C-6E3E-40AA-8A46-55202A39B57B}.Release|Any CPU.ActiveCfg = Release|Any CPU
		{AD87AF1C-6E3E-40AA-8A46-55202A39B57B}.Release|Any CPU.Build.0 = Release|Any CPU
		{8D2DDFA4-C0A1-45E2-96FD-F160C609A7FC}.Debug|Any CPU.ActiveCfg = Debug|Any CPU
		{8D2DDFA4-C0A1-45E2-96FD-F160C609A7FC}.Debug|Any CPU.Build.0 = Debug|Any CPU
		{8D2DDFA4-C0A1-45E2-96FD-F160C609A7FC}.Release|Any CPU.ActiveCfg = Release|Any CPU
		{8D2DDFA4-C0A1-45E2-96FD-F160C609A7FC}.Release|Any CPU.Build.0 = Release|Any CPU
		{EC833531-2C77-4B27-B29B-44A27EFD25DD}.Debug|Any CPU.ActiveCfg = Debug|Any CPU
		{EC833531-2C77-4B27-B29B-44A27EFD25DD}.Debug|Any CPU.Build.0 = Debug|Any CPU
		{EC833531-2C77-4B27-B29B-44A27EFD25DD}.Release|Any CPU.ActiveCfg = Release|Any CPU
		{EC833531-2C77-4B27-B29B-44A27EFD25DD}.Release|Any CPU.Build.0 = Release|Any CPU
		{2D85520A-7872-4EB4-889A-FC388FA7FED5}.Debug|Any CPU.ActiveCfg = Debug|Any CPU
		{2D85520A-7872-4EB4-889A-FC388FA7FED5}.Debug|Any CPU.Build.0 = Debug|Any CPU
		{2D85520A-7872-4EB4-889A-FC388FA7FED5}.Release|Any CPU.ActiveCfg = Release|Any CPU
		{2D85520A-7872-4EB4-889A-FC388FA7FED5}.Release|Any CPU.Build.0 = Release|Any CPU
		{8CE083C6-13B6-4936-AE86-5F7179CF533A}.Debug|Any CPU.ActiveCfg = Debug|Any CPU
		{8CE083C6-13B6-4936-AE86-5F7179CF533A}.Debug|Any CPU.Build.0 = Debug|Any CPU
		{8CE083C6-13B6-4936-AE86-5F7179CF533A}.Release|Any CPU.ActiveCfg = Release|Any CPU
		{8CE083C6-13B6-4936-AE86-5F7179CF533A}.Release|Any CPU.Build.0 = Release|Any CPU
		{8E9338EC-9828-4728-AB87-153441D4537D}.Debug|Any CPU.ActiveCfg = Debug|Any CPU
		{8E9338EC-9828-4728-AB87-153441D4537D}.Debug|Any CPU.Build.0 = Debug|Any CPU
		{8E9338EC-9828-4728-AB87-153441D4537D}.Release|Any CPU.ActiveCfg = Release|Any CPU
		{8E9338EC-9828-4728-AB87-153441D4537D}.Release|Any CPU.Build.0 = Release|Any CPU
		{3F2F23FE-8590-4F27-A2D4-2ECD5A333727}.Debug|Any CPU.ActiveCfg = Debug|Any CPU
		{3F2F23FE-8590-4F27-A2D4-2ECD5A333727}.Debug|Any CPU.Build.0 = Debug|Any CPU
		{3F2F23FE-8590-4F27-A2D4-2ECD5A333727}.Release|Any CPU.ActiveCfg = Release|Any CPU
		{3F2F23FE-8590-4F27-A2D4-2ECD5A333727}.Release|Any CPU.Build.0 = Release|Any CPU
		{5A1245E3-5A2A-40E0-860D-4D1774B1C948}.Debug|Any CPU.ActiveCfg = Debug|Any CPU
		{5A1245E3-5A2A-40E0-860D-4D1774B1C948}.Debug|Any CPU.Build.0 = Debug|Any CPU
		{5A1245E3-5A2A-40E0-860D-4D1774B1C948}.Release|Any CPU.ActiveCfg = Release|Any CPU
		{5A1245E3-5A2A-40E0-860D-4D1774B1C948}.Release|Any CPU.Build.0 = Release|Any CPU
		{6BE8433F-C5D4-44C0-A277-57754827E0A3}.Debug|Any CPU.ActiveCfg = Debug|Any CPU
		{6BE8433F-C5D4-44C0-A277-57754827E0A3}.Debug|Any CPU.Build.0 = Debug|Any CPU
		{6BE8433F-C5D4-44C0-A277-57754827E0A3}.Release|Any CPU.ActiveCfg = Release|Any CPU
		{6BE8433F-C5D4-44C0-A277-57754827E0A3}.Release|Any CPU.Build.0 = Release|Any CPU
		{DBE3979D-34EE-48EF-AE66-D7DDAB477ABE}.Debug|Any CPU.ActiveCfg = Debug|Any CPU
		{DBE3979D-34EE-48EF-AE66-D7DDAB477ABE}.Debug|Any CPU.Build.0 = Debug|Any CPU
		{DBE3979D-34EE-48EF-AE66-D7DDAB477ABE}.Release|Any CPU.ActiveCfg = Release|Any CPU
		{DBE3979D-34EE-48EF-AE66-D7DDAB477ABE}.Release|Any CPU.Build.0 = Release|Any CPU
	EndGlobalSection
	GlobalSection(SolutionProperties) = preSolution
		HideSolutionNode = FALSE
	EndGlobalSection
	GlobalSection(ExtensibilityGlobals) = postSolution
		SolutionGuid = {73FBAE88-6EA3-4161-A683-DC7B2BA93442}
	EndGlobalSection
EndGlobal
